
Microsoft Visual Studio Solution File, Format Version 12.00
# Visual Studio 14
VisualStudioVersion = 14.0.25420.1
MinimumVisualStudioVersion = 10.0.40219.1
Project("{FAE04EC0-301F-11D3-BF4B-00C04F79EFBC}") = "sensorthings-net-sdk.core", "sensorthings-net-sdk\sensorthings-net-sdk.core.csproj", "{5F9AE393-23C9-4EF6-BD2F-C92098DD62D2}"
EndProject
Project("{FAE04EC0-301F-11D3-BF4B-00C04F79EFBC}") = "sensorthings-net-sdk.tests", "sensorthings-net-sdk.tests\sensorthings-net-sdk.tests.csproj", "{F4710D29-4E81-46F0-A407-DCD8B8210273}"
EndProject
Project("{2150E333-8FDC-42A3-9474-1A3956D46DE8}") = "samples", "samples", "{00D911BB-B7A1-4440-A4A0-1FABDFEFDA17}"
EndProject
Project("{FAE04EC0-301F-11D3-BF4B-00C04F79EFBC}") = "ConsoleSampleApplication", "samples\ConsoleSampleApplication\ConsoleSampleApplication.csproj", "{9FBEEC35-B89D-448A-A0D7-80C94A8376E5}"
EndProject
Project("{FAE04EC0-301F-11D3-BF4B-00C04F79EFBC}") = "MqttSampleApplication", "samples\MqttSampleApplication\MqttSampleApplication.csproj", "{6CEA5806-938B-444B-9F32-7C5915F198D1}"
EndProject
Project("{FAE04EC0-301F-11D3-BF4B-00C04F79EFBC}") = "SensorThingsRealtimeOxyPlotSample", "samples\RealtimeOxyPlotSampleApplication\SensorThingsRealtimeOxyPlotSample.csproj", "{39F80A60-CF4A-401D-BD28-51E1781EB46B}"
EndProject
Global
	GlobalSection(SolutionConfigurationPlatforms) = preSolution
		Debug|Any CPU = Debug|Any CPU
		Release|Any CPU = Release|Any CPU
	EndGlobalSection
	GlobalSection(ProjectConfigurationPlatforms) = postSolution
		{5F9AE393-23C9-4EF6-BD2F-C92098DD62D2}.Debug|Any CPU.ActiveCfg = Debug|Any CPU
		{5F9AE393-23C9-4EF6-BD2F-C92098DD62D2}.Debug|Any CPU.Build.0 = Debug|Any CPU
		{5F9AE393-23C9-4EF6-BD2F-C92098DD62D2}.Release|Any CPU.ActiveCfg = Release|Any CPU
		{5F9AE393-23C9-4EF6-BD2F-C92098DD62D2}.Release|Any CPU.Build.0 = Release|Any CPU
		{F4710D29-4E81-46F0-A407-DCD8B8210273}.Debug|Any CPU.ActiveCfg = Debug|Any CPU
		{F4710D29-4E81-46F0-A407-DCD8B8210273}.Debug|Any CPU.Build.0 = Debug|Any CPU
		{F4710D29-4E81-46F0-A407-DCD8B8210273}.Release|Any CPU.ActiveCfg = Release|Any CPU
		{F4710D29-4E81-46F0-A407-DCD8B8210273}.Release|Any CPU.Build.0 = Release|Any CPU
		{9FBEEC35-B89D-448A-A0D7-80C94A8376E5}.Debug|Any CPU.ActiveCfg = Debug|Any CPU
		{9FBEEC35-B89D-448A-A0D7-80C94A8376E5}.Debug|Any CPU.Build.0 = Debug|Any CPU
		{9FBEEC35-B89D-448A-A0D7-80C94A8376E5}.Release|Any CPU.ActiveCfg = Release|Any CPU
		{9FBEEC35-B89D-448A-A0D7-80C94A8376E5}.Release|Any CPU.Build.0 = Release|Any CPU
		{6CEA5806-938B-444B-9F32-7C5915F198D1}.Debug|Any CPU.ActiveCfg = Debug|Any CPU
		{6CEA5806-938B-444B-9F32-7C5915F198D1}.Debug|Any CPU.Build.0 = Debug|Any CPU
		{6CEA5806-938B-444B-9F32-7C5915F198D1}.Release|Any CPU.ActiveCfg = Release|Any CPU
		{6CEA5806-938B-444B-9F32-7C5915F198D1}.Release|Any CPU.Build.0 = Release|Any CPU
		{39F80A60-CF4A-401D-BD28-51E1781EB46B}.Debug|Any CPU.ActiveCfg = Debug|Any CPU
		{39F80A60-CF4A-401D-BD28-51E1781EB46B}.Debug|Any CPU.Build.0 = Debug|Any CPU
		{39F80A60-CF4A-401D-BD28-51E1781EB46B}.Release|Any CPU.ActiveCfg = Release|Any CPU
		{39F80A60-CF4A-401D-BD28-51E1781EB46B}.Release|Any CPU.Build.0 = Release|Any CPU
	EndGlobalSection
	GlobalSection(SolutionProperties) = preSolution
		HideSolutionNode = FALSE
	EndGlobalSection
	GlobalSection(NestedProjects) = preSolution
		{9FBEEC35-B89D-448A-A0D7-80C94A8376E5} = {00D911BB-B7A1-4440-A4A0-1FABDFEFDA17}
		{6CEA5806-938B-444B-9F32-7C5915F198D1} = {00D911BB-B7A1-4440-A4A0-1FABDFEFDA17}
		{39F80A60-CF4A-401D-BD28-51E1781EB46B} = {00D911BB-B7A1-4440-A4A0-1FABDFEFDA17}
	EndGlobalSection
EndGlobal
